// !$*UTF8*$!
{
	archiveVersion = 1;
	classes = {
	};
	objectVersion = 50;
	objects = {

/* Begin PBXBuildFile section */
		021579FA2249F464009275AF /* PullindividualStatsDataFB.swift in Sources */ = {isa = PBXBuildFile; fileRef = 021579CC2249F460009275AF /* PullindividualStatsDataFB.swift */; };
		021579FB2249F464009275AF /* SCteamRosterViewController.swift in Sources */ = {isa = PBXBuildFile; fileRef = 021579CD2249F460009275AF /* SCteamRosterViewController.swift */; };
		021579FC2249F464009275AF /* PullindividualStatsDataSoc.swift in Sources */ = {isa = PBXBuildFile; fileRef = 021579CE2249F460009275AF /* PullindividualStatsDataSoc.swift */; };
		021579FD2249F464009275AF /* SCscheduleViewController.swift in Sources */ = {isa = PBXBuildFile; fileRef = 021579CF2249F460009275AF /* SCscheduleViewController.swift */; };
		021579FE2249F464009275AF /* StoreScheduleDataFB.swift in Sources */ = {isa = PBXBuildFile; fileRef = 021579D02249F461009275AF /* StoreScheduleDataFB.swift */; };
		021579FF2249F464009275AF /* PullTeamStatsBS.swift in Sources */ = {isa = PBXBuildFile; fileRef = 021579D12249F461009275AF /* PullTeamStatsBS.swift */; };
		02157A002249F464009275AF /* PullindividualStatsDataBS.swift in Sources */ = {isa = PBXBuildFile; fileRef = 021579D22249F461009275AF /* PullindividualStatsDataBS.swift */; };
		02157A012249F464009275AF /* StoreindividualStatsData.swift in Sources */ = {isa = PBXBuildFile; fileRef = 021579D32249F461009275AF /* StoreindividualStatsData.swift */; };
		02157A022249F464009275AF /* SCstatsViewController.swift in Sources */ = {isa = PBXBuildFile; fileRef = 021579D42249F461009275AF /* SCstatsViewController.swift */; };
		02157A032249F464009275AF /* StoreTeamStatsDataBS.swift in Sources */ = {isa = PBXBuildFile; fileRef = 021579D52249F461009275AF /* StoreTeamStatsDataBS.swift */; };
		02157A042249F464009275AF /* FBPlayerStatVC.swift in Sources */ = {isa = PBXBuildFile; fileRef = 021579D62249F461009275AF /* FBPlayerStatVC.swift */; };
		02157A052249F464009275AF /* BBPlayerStatVC.swift in Sources */ = {isa = PBXBuildFile; fileRef = 021579D72249F461009275AF /* BBPlayerStatVC.swift */; };
		02157A062249F464009275AF /* PullScheduleDataSC.swift in Sources */ = {isa = PBXBuildFile; fileRef = 021579D82249F461009275AF /* PullScheduleDataSC.swift */; };
		02157A072249F464009275AF /* PullScheduleDataBS.swift in Sources */ = {isa = PBXBuildFile; fileRef = 021579D92249F461009275AF /* PullScheduleDataBS.swift */; };
		02157A082249F464009275AF /* PullTeamStatsSC.swift in Sources */ = {isa = PBXBuildFile; fileRef = 021579DA2249F461009275AF /* PullTeamStatsSC.swift */; };
		02157A0A2249F464009275AF /* teamStatsViewController.swift in Sources */ = {isa = PBXBuildFile; fileRef = 021579DC2249F462009275AF /* teamStatsViewController.swift */; };
		02157A0B2249F464009275AF /* FBscheduleViewController.swift in Sources */ = {isa = PBXBuildFile; fileRef = 021579DD2249F462009275AF /* FBscheduleViewController.swift */; };
		02157A0C2249F464009275AF /* PullTeamStatsData.swift in Sources */ = {isa = PBXBuildFile; fileRef = 021579DE2249F462009275AF /* PullTeamStatsData.swift */; };
		02157A0D2249F464009275AF /* SCPlayerStatVC.swift in Sources */ = {isa = PBXBuildFile; fileRef = 021579DF2249F462009275AF /* SCPlayerStatVC.swift */; };
		02157A0E2249F464009275AF /* toTeamRostersViewController.swift in Sources */ = {isa = PBXBuildFile; fileRef = 021579E02249F462009275AF /* toTeamRostersViewController.swift */; };
		02157A0F2249F464009275AF /* PullTeamStatsFB.swift in Sources */ = {isa = PBXBuildFile; fileRef = 021579E12249F462009275AF /* PullTeamStatsFB.swift */; };
		02157A112249F464009275AF /* PullDataSC.swift in Sources */ = {isa = PBXBuildFile; fileRef = 021579E32249F462009275AF /* PullDataSC.swift */; };
		02157A122249F464009275AF /* BSteamStatsViewController.swift in Sources */ = {isa = PBXBuildFile; fileRef = 021579E42249F462009275AF /* BSteamStatsViewController.swift */; };
		02157A132249F464009275AF /* StoreScheduleDataBS.swift in Sources */ = {isa = PBXBuildFile; fileRef = 021579E52249F462009275AF /* StoreScheduleDataBS.swift */; };
		02157A142249F464009275AF /* BSscheduleViewController.swift in Sources */ = {isa = PBXBuildFile; fileRef = 021579E62249F463009275AF /* BSscheduleViewController.swift */; };
		02157A162249F464009275AF /* StoreTeamStatsData.swift in Sources */ = {isa = PBXBuildFile; fileRef = 021579E82249F463009275AF /* StoreTeamStatsData.swift */; };
		02157A172249F464009275AF /* StoreindividualStatsDataFB.swift in Sources */ = {isa = PBXBuildFile; fileRef = 021579E92249F463009275AF /* StoreindividualStatsDataFB.swift */; };
		02157A182249F464009275AF /* StoreinidividualStatsDataBS.swift in Sources */ = {isa = PBXBuildFile; fileRef = 021579EA2249F463009275AF /* StoreinidividualStatsDataBS.swift */; };
		02157A192249F464009275AF /* StoreDataFB.swift in Sources */ = {isa = PBXBuildFile; fileRef = 021579EB2249F463009275AF /* StoreDataFB.swift */; };
		02157A1A2249F464009275AF /* StoreTeamStatsDataFB.swift in Sources */ = {isa = PBXBuildFile; fileRef = 021579EC2249F463009275AF /* StoreTeamStatsDataFB.swift */; };
		02157A1B2249F464009275AF /* PullDataBS.swift in Sources */ = {isa = PBXBuildFile; fileRef = 021579ED2249F463009275AF /* PullDataBS.swift */; };
		02157A1C2249F464009275AF /* PullindividualStatsData.swift in Sources */ = {isa = PBXBuildFile; fileRef = 021579EE2249F463009275AF /* PullindividualStatsData.swift */; };
		02157A1D2249F464009275AF /* PullDataFB.swift in Sources */ = {isa = PBXBuildFile; fileRef = 021579EF2249F463009275AF /* PullDataFB.swift */; };
		02157A1E2249F464009275AF /* StoreDataBS.swift in Sources */ = {isa = PBXBuildFile; fileRef = 021579F02249F463009275AF /* StoreDataBS.swift */; };
		02157A1F2249F464009275AF /* StoreTeamStatsDataSC.swift in Sources */ = {isa = PBXBuildFile; fileRef = 021579F12249F464009275AF /* StoreTeamStatsDataSC.swift */; };
		02157A202249F464009275AF /* BSPlayerStatVC.swift in Sources */ = {isa = PBXBuildFile; fileRef = 021579F22249F464009275AF /* BSPlayerStatVC.swift */; };
		02157A212249F464009275AF /* BSrosterViewController.swift in Sources */ = {isa = PBXBuildFile; fileRef = 021579F32249F464009275AF /* BSrosterViewController.swift */; };
		02157A222249F464009275AF /* FBteamRosterViewController.swift in Sources */ = {isa = PBXBuildFile; fileRef = 021579F42249F464009275AF /* FBteamRosterViewController.swift */; };
		02157A232249F464009275AF /* StoreDataSC.swift in Sources */ = {isa = PBXBuildFile; fileRef = 021579F52249F464009275AF /* StoreDataSC.swift */; };
		02157A242249F464009275AF /* FBteamStatsViewController.swift in Sources */ = {isa = PBXBuildFile; fileRef = 021579F62249F464009275AF /* FBteamStatsViewController.swift */; };
		02157A252249F464009275AF /* PullScheduleDataFB.swift in Sources */ = {isa = PBXBuildFile; fileRef = 021579F72249F464009275AF /* PullScheduleDataFB.swift */; };
		02157A262249F464009275AF /* StoreindividualStatsDataSC.swift in Sources */ = {isa = PBXBuildFile; fileRef = 021579F82249F464009275AF /* StoreindividualStatsDataSC.swift */; };
		02157A272249F464009275AF /* StoreScheduleDataSC.swift in Sources */ = {isa = PBXBuildFile; fileRef = 021579F92249F464009275AF /* StoreScheduleDataSC.swift */; };
		023C6EEE2249F92D0047E969 /* FavoriteCellStruct.swift in Sources */ = {isa = PBXBuildFile; fileRef = 023C6EED2249F92D0047E969 /* FavoriteCellStruct.swift */; };
		023C6EF0224A024A0047E969 /* LogInViewController.swift in Sources */ = {isa = PBXBuildFile; fileRef = 023C6EEF224A024A0047E969 /* LogInViewController.swift */; };
		024FD0C821F9466B00869173 /* AppDelegate.swift in Sources */ = {isa = PBXBuildFile; fileRef = 024FD0C721F9466B00869173 /* AppDelegate.swift */; };
		024FD0CA21F9466B00869173 /* ViewController.swift in Sources */ = {isa = PBXBuildFile; fileRef = 024FD0C921F9466B00869173 /* ViewController.swift */; };
		024FD0CF21F9466C00869173 /* Assets.xcassets in Resources */ = {isa = PBXBuildFile; fileRef = 024FD0CE21F9466C00869173 /* Assets.xcassets */; };
		024FD0D221F9466C00869173 /* LaunchScreen.storyboard in Resources */ = {isa = PBXBuildFile; fileRef = 024FD0D021F9466C00869173 /* LaunchScreen.storyboard */; };
		024FD0DD21F9466C00869173 /* Team58AppTests.swift in Sources */ = {isa = PBXBuildFile; fileRef = 024FD0DC21F9466C00869173 /* Team58AppTests.swift */; };
		024FD0E821F9466C00869173 /* Team58AppUITests.swift in Sources */ = {isa = PBXBuildFile; fileRef = 024FD0E721F9466C00869173 /* Team58AppUITests.swift */; };
		0259E93D221BD2D4003DB80B /* StoreData.swift in Sources */ = {isa = PBXBuildFile; fileRef = 0259E937221BD2D3003DB80B /* StoreData.swift */; };
		0259E93E221BD2D4003DB80B /* PullData.swift in Sources */ = {isa = PBXBuildFile; fileRef = 0259E938221BD2D3003DB80B /* PullData.swift */; };
		0259E93F221BD2D4003DB80B /* StoreScheduleData.swift in Sources */ = {isa = PBXBuildFile; fileRef = 0259E939221BD2D3003DB80B /* StoreScheduleData.swift */; };
		0259E940221BD2D4003DB80B /* scheduleViewController.swift in Sources */ = {isa = PBXBuildFile; fileRef = 0259E93A221BD2D3003DB80B /* scheduleViewController.swift */; };
		0259E941221BD2D4003DB80B /* teamRosterViewController.swift in Sources */ = {isa = PBXBuildFile; fileRef = 0259E93B221BD2D3003DB80B /* teamRosterViewController.swift */; };
		0259E942221BD2D4003DB80B /* PullScheduleData.swift in Sources */ = {isa = PBXBuildFile; fileRef = 0259E93C221BD2D3003DB80B /* PullScheduleData.swift */; };
		0292320E2257F59C003AA261 /* FavPullData.swift in Sources */ = {isa = PBXBuildFile; fileRef = 0292320C2257F59C003AA261 /* FavPullData.swift */; };
		0292320F2257F59C003AA261 /* FavStoreData.swift in Sources */ = {isa = PBXBuildFile; fileRef = 0292320D2257F59C003AA261 /* FavStoreData.swift */; };
		02A1D80D2240218000B182C1 /* Main.storyboard in Resources */ = {isa = PBXBuildFile; fileRef = 02A1D80C2240218000B182C1 /* Main.storyboard */; };
		02C5173121FFB10300286F0A /* registrationViewController.swift in Sources */ = {isa = PBXBuildFile; fileRef = 02C5173021FFB10300286F0A /* registrationViewController.swift */; };
		02C5173721FFB29F00286F0A /* homeScreenViewController.swift in Sources */ = {isa = PBXBuildFile; fileRef = 02C5173621FFB29F00286F0A /* homeScreenViewController.swift */; };
		02E0C494225D5E710010C398 /* homeController.swift in Sources */ = {isa = PBXBuildFile; fileRef = 02E0C493225D5E710010C398 /* homeController.swift */; };
		02ED784A22512AA100AC8EEE /* FavTableViewCell.swift in Sources */ = {isa = PBXBuildFile; fileRef = 02ED784222512AA000AC8EEE /* FavTableViewCell.swift */; };
		02ED784C22512AA100AC8EEE /* FavBSVC.swift in Sources */ = {isa = PBXBuildFile; fileRef = 02ED784422512AA000AC8EEE /* FavBSVC.swift */; };
		02ED784D22512AA100AC8EEE /* FavSCVC.swift in Sources */ = {isa = PBXBuildFile; fileRef = 02ED784522512AA000AC8EEE /* FavSCVC.swift */; };
		02ED784E22512AA100AC8EEE /* playerDetailViewController.swift in Sources */ = {isa = PBXBuildFile; fileRef = 02ED784622512AA100AC8EEE /* playerDetailViewController.swift */; };
		02ED784F22512AA100AC8EEE /* FavFBVC.swift in Sources */ = {isa = PBXBuildFile; fileRef = 02ED784722512AA100AC8EEE /* FavFBVC.swift */; };
		02ED785322512AFE00AC8EEE /* FavBBVC.swift in Sources */ = {isa = PBXBuildFile; fileRef = 02ED785222512AFE00AC8EEE /* FavBBVC.swift */; };
		15942344E0D8660D0CF6F8D3 /* Pods_Team58App.framework in Frameworks */ = {isa = PBXBuildFile; fileRef = 5B029ED6BD997B0406DC559B /* Pods_Team58App.framework */; };
		79D07A4622120AFB00FCDB61 /* credentials.plist in Resources */ = {isa = PBXBuildFile; fileRef = 79D07A4522120AFB00FCDB61 /* credentials.plist */; };
		79FC1449225ADF6700573A45 /* todaysGamesVC.swift in Sources */ = {isa = PBXBuildFile; fileRef = 79FC1448225ADF6700573A45 /* todaysGamesVC.swift */; };
		79FC144B225AE0AC00573A45 /* TGPullData.swift in Sources */ = {isa = PBXBuildFile; fileRef = 79FC144A225AE0AC00573A45 /* TGPullData.swift */; };
		79FC144D225AE0B800573A45 /* TGStoreData.swift in Sources */ = {isa = PBXBuildFile; fileRef = 79FC144C225AE0B800573A45 /* TGStoreData.swift */; };
/* End PBXBuildFile section */

/* Begin PBXContainerItemProxy section */
		024FD0D921F9466C00869173 /* PBXContainerItemProxy */ = {
			isa = PBXContainerItemProxy;
			containerPortal = 024FD0BC21F9466B00869173 /* Project object */;
			proxyType = 1;
			remoteGlobalIDString = 024FD0C321F9466B00869173;
			remoteInfo = Team58App;
		};
		024FD0E421F9466C00869173 /* PBXContainerItemProxy */ = {
			isa = PBXContainerItemProxy;
			containerPortal = 024FD0BC21F9466B00869173 /* Project object */;
			proxyType = 1;
			remoteGlobalIDString = 024FD0C321F9466B00869173;
			remoteInfo = Team58App;
		};
/* End PBXContainerItemProxy section */

/* Begin PBXFileReference section */
		021579CC2249F460009275AF /* PullindividualStatsDataFB.swift */ = {isa = PBXFileReference; fileEncoding = 4; lastKnownFileType = sourcecode.swift; path = PullindividualStatsDataFB.swift; sourceTree = "<group>"; };
		021579CD2249F460009275AF /* SCteamRosterViewController.swift */ = {isa = PBXFileReference; fileEncoding = 4; lastKnownFileType = sourcecode.swift; path = SCteamRosterViewController.swift; sourceTree = "<group>"; };
		021579CE2249F460009275AF /* PullindividualStatsDataSoc.swift */ = {isa = PBXFileReference; fileEncoding = 4; lastKnownFileType = sourcecode.swift; path = PullindividualStatsDataSoc.swift; sourceTree = "<group>"; };
		021579CF2249F460009275AF /* SCscheduleViewController.swift */ = {isa = PBXFileReference; fileEncoding = 4; lastKnownFileType = sourcecode.swift; path = SCscheduleViewController.swift; sourceTree = "<group>"; };
		021579D02249F461009275AF /* StoreScheduleDataFB.swift */ = {isa = PBXFileReference; fileEncoding = 4; lastKnownFileType = sourcecode.swift; path = StoreScheduleDataFB.swift; sourceTree = "<group>"; };
		021579D12249F461009275AF /* PullTeamStatsBS.swift */ = {isa = PBXFileReference; fileEncoding = 4; lastKnownFileType = sourcecode.swift; path = PullTeamStatsBS.swift; sourceTree = "<group>"; };
		021579D22249F461009275AF /* PullindividualStatsDataBS.swift */ = {isa = PBXFileReference; fileEncoding = 4; lastKnownFileType = sourcecode.swift; path = PullindividualStatsDataBS.swift; sourceTree = "<group>"; };
		021579D32249F461009275AF /* StoreindividualStatsData.swift */ = {isa = PBXFileReference; fileEncoding = 4; lastKnownFileType = sourcecode.swift; path = StoreindividualStatsData.swift; sourceTree = "<group>"; };
		021579D42249F461009275AF /* SCstatsViewController.swift */ = {isa = PBXFileReference; fileEncoding = 4; lastKnownFileType = sourcecode.swift; path = SCstatsViewController.swift; sourceTree = "<group>"; };
		021579D52249F461009275AF /* StoreTeamStatsDataBS.swift */ = {isa = PBXFileReference; fileEncoding = 4; lastKnownFileType = sourcecode.swift; path = StoreTeamStatsDataBS.swift; sourceTree = "<group>"; };
		021579D62249F461009275AF /* FBPlayerStatVC.swift */ = {isa = PBXFileReference; fileEncoding = 4; lastKnownFileType = sourcecode.swift; path = FBPlayerStatVC.swift; sourceTree = "<group>"; };
		021579D72249F461009275AF /* BBPlayerStatVC.swift */ = {isa = PBXFileReference; fileEncoding = 4; lastKnownFileType = sourcecode.swift; path = BBPlayerStatVC.swift; sourceTree = "<group>"; };
		021579D82249F461009275AF /* PullScheduleDataSC.swift */ = {isa = PBXFileReference; fileEncoding = 4; lastKnownFileType = sourcecode.swift; path = PullScheduleDataSC.swift; sourceTree = "<group>"; };
		021579D92249F461009275AF /* PullScheduleDataBS.swift */ = {isa = PBXFileReference; fileEncoding = 4; lastKnownFileType = sourcecode.swift; path = PullScheduleDataBS.swift; sourceTree = "<group>"; };
		021579DA2249F461009275AF /* PullTeamStatsSC.swift */ = {isa = PBXFileReference; fileEncoding = 4; lastKnownFileType = sourcecode.swift; path = PullTeamStatsSC.swift; sourceTree = "<group>"; };
		021579DC2249F462009275AF /* teamStatsViewController.swift */ = {isa = PBXFileReference; fileEncoding = 4; lastKnownFileType = sourcecode.swift; path = teamStatsViewController.swift; sourceTree = "<group>"; };
		021579DD2249F462009275AF /* FBscheduleViewController.swift */ = {isa = PBXFileReference; fileEncoding = 4; lastKnownFileType = sourcecode.swift; path = FBscheduleViewController.swift; sourceTree = "<group>"; };
		021579DE2249F462009275AF /* PullTeamStatsData.swift */ = {isa = PBXFileReference; fileEncoding = 4; lastKnownFileType = sourcecode.swift; path = PullTeamStatsData.swift; sourceTree = "<group>"; };
		021579DF2249F462009275AF /* SCPlayerStatVC.swift */ = {isa = PBXFileReference; fileEncoding = 4; lastKnownFileType = sourcecode.swift; path = SCPlayerStatVC.swift; sourceTree = "<group>"; };
		021579E02249F462009275AF /* toTeamRostersViewController.swift */ = {isa = PBXFileReference; fileEncoding = 4; lastKnownFileType = sourcecode.swift; path = toTeamRostersViewController.swift; sourceTree = "<group>"; };
		021579E12249F462009275AF /* PullTeamStatsFB.swift */ = {isa = PBXFileReference; fileEncoding = 4; lastKnownFileType = sourcecode.swift; path = PullTeamStatsFB.swift; sourceTree = "<group>"; };
		021579E32249F462009275AF /* PullDataSC.swift */ = {isa = PBXFileReference; fileEncoding = 4; lastKnownFileType = sourcecode.swift; path = PullDataSC.swift; sourceTree = "<group>"; };
		021579E42249F462009275AF /* BSteamStatsViewController.swift */ = {isa = PBXFileReference; fileEncoding = 4; lastKnownFileType = sourcecode.swift; path = BSteamStatsViewController.swift; sourceTree = "<group>"; };
		021579E52249F462009275AF /* StoreScheduleDataBS.swift */ = {isa = PBXFileReference; fileEncoding = 4; lastKnownFileType = sourcecode.swift; path = StoreScheduleDataBS.swift; sourceTree = "<group>"; };
		021579E62249F463009275AF /* BSscheduleViewController.swift */ = {isa = PBXFileReference; fileEncoding = 4; lastKnownFileType = sourcecode.swift; path = BSscheduleViewController.swift; sourceTree = "<group>"; };
		021579E82249F463009275AF /* StoreTeamStatsData.swift */ = {isa = PBXFileReference; fileEncoding = 4; lastKnownFileType = sourcecode.swift; path = StoreTeamStatsData.swift; sourceTree = "<group>"; };
		021579E92249F463009275AF /* StoreindividualStatsDataFB.swift */ = {isa = PBXFileReference; fileEncoding = 4; lastKnownFileType = sourcecode.swift; path = StoreindividualStatsDataFB.swift; sourceTree = "<group>"; };
		021579EA2249F463009275AF /* StoreinidividualStatsDataBS.swift */ = {isa = PBXFileReference; fileEncoding = 4; lastKnownFileType = sourcecode.swift; path = StoreinidividualStatsDataBS.swift; sourceTree = "<group>"; };
		021579EB2249F463009275AF /* StoreDataFB.swift */ = {isa = PBXFileReference; fileEncoding = 4; lastKnownFileType = sourcecode.swift; path = StoreDataFB.swift; sourceTree = "<group>"; };
		021579EC2249F463009275AF /* StoreTeamStatsDataFB.swift */ = {isa = PBXFileReference; fileEncoding = 4; lastKnownFileType = sourcecode.swift; path = StoreTeamStatsDataFB.swift; sourceTree = "<group>"; };
		021579ED2249F463009275AF /* PullDataBS.swift */ = {isa = PBXFileReference; fileEncoding = 4; lastKnownFileType = sourcecode.swift; path = PullDataBS.swift; sourceTree = "<group>"; };
		021579EE2249F463009275AF /* PullindividualStatsData.swift */ = {isa = PBXFileReference; fileEncoding = 4; lastKnownFileType = sourcecode.swift; path = PullindividualStatsData.swift; sourceTree = "<group>"; };
		021579EF2249F463009275AF /* PullDataFB.swift */ = {isa = PBXFileReference; fileEncoding = 4; lastKnownFileType = sourcecode.swift; path = PullDataFB.swift; sourceTree = "<group>"; };
		021579F02249F463009275AF /* StoreDataBS.swift */ = {isa = PBXFileReference; fileEncoding = 4; lastKnownFileType = sourcecode.swift; path = StoreDataBS.swift; sourceTree = "<group>"; };
		021579F12249F464009275AF /* StoreTeamStatsDataSC.swift */ = {isa = PBXFileReference; fileEncoding = 4; lastKnownFileType = sourcecode.swift; path = StoreTeamStatsDataSC.swift; sourceTree = "<group>"; };
		021579F22249F464009275AF /* BSPlayerStatVC.swift */ = {isa = PBXFileReference; fileEncoding = 4; lastKnownFileType = sourcecode.swift; path = BSPlayerStatVC.swift; sourceTree = "<group>"; };
		021579F32249F464009275AF /* BSrosterViewController.swift */ = {isa = PBXFileReference; fileEncoding = 4; lastKnownFileType = sourcecode.swift; path = BSrosterViewController.swift; sourceTree = "<group>"; };
		021579F42249F464009275AF /* FBteamRosterViewController.swift */ = {isa = PBXFileReference; fileEncoding = 4; lastKnownFileType = sourcecode.swift; path = FBteamRosterViewController.swift; sourceTree = "<group>"; };
		021579F52249F464009275AF /* StoreDataSC.swift */ = {isa = PBXFileReference; fileEncoding = 4; lastKnownFileType = sourcecode.swift; path = StoreDataSC.swift; sourceTree = "<group>"; };
		021579F62249F464009275AF /* FBteamStatsViewController.swift */ = {isa = PBXFileReference; fileEncoding = 4; lastKnownFileType = sourcecode.swift; path = FBteamStatsViewController.swift; sourceTree = "<group>"; };
		021579F72249F464009275AF /* PullScheduleDataFB.swift */ = {isa = PBXFileReference; fileEncoding = 4; lastKnownFileType = sourcecode.swift; path = PullScheduleDataFB.swift; sourceTree = "<group>"; };
		021579F82249F464009275AF /* StoreindividualStatsDataSC.swift */ = {isa = PBXFileReference; fileEncoding = 4; lastKnownFileType = sourcecode.swift; path = StoreindividualStatsDataSC.swift; sourceTree = "<group>"; };
		021579F92249F464009275AF /* StoreScheduleDataSC.swift */ = {isa = PBXFileReference; fileEncoding = 4; lastKnownFileType = sourcecode.swift; path = StoreScheduleDataSC.swift; sourceTree = "<group>"; };
		023C6EED2249F92D0047E969 /* FavoriteCellStruct.swift */ = {isa = PBXFileReference; fileEncoding = 4; lastKnownFileType = sourcecode.swift; path = FavoriteCellStruct.swift; sourceTree = "<group>"; };
		023C6EEF224A024A0047E969 /* LogInViewController.swift */ = {isa = PBXFileReference; lastKnownFileType = sourcecode.swift; path = LogInViewController.swift; sourceTree = "<group>"; };
		024FD0C421F9466B00869173 /* Team58App.app */ = {isa = PBXFileReference; explicitFileType = wrapper.application; includeInIndex = 0; path = Team58App.app; sourceTree = BUILT_PRODUCTS_DIR; };
		024FD0C721F9466B00869173 /* AppDelegate.swift */ = {isa = PBXFileReference; lastKnownFileType = sourcecode.swift; path = AppDelegate.swift; sourceTree = "<group>"; };
		024FD0C921F9466B00869173 /* ViewController.swift */ = {isa = PBXFileReference; lastKnownFileType = sourcecode.swift; path = ViewController.swift; sourceTree = "<group>"; };
		024FD0CE21F9466C00869173 /* Assets.xcassets */ = {isa = PBXFileReference; lastKnownFileType = folder.assetcatalog; path = Assets.xcassets; sourceTree = "<group>"; };
		024FD0D121F9466C00869173 /* Base */ = {isa = PBXFileReference; lastKnownFileType = file.storyboard; name = Base; path = Base.lproj/LaunchScreen.storyboard; sourceTree = "<group>"; };
		024FD0D321F9466C00869173 /* Info.plist */ = {isa = PBXFileReference; lastKnownFileType = text.plist.xml; path = Info.plist; sourceTree = "<group>"; };
		024FD0D821F9466C00869173 /* Team58AppTests.xctest */ = {isa = PBXFileReference; explicitFileType = wrapper.cfbundle; includeInIndex = 0; path = Team58AppTests.xctest; sourceTree = BUILT_PRODUCTS_DIR; };
		024FD0DC21F9466C00869173 /* Team58AppTests.swift */ = {isa = PBXFileReference; lastKnownFileType = sourcecode.swift; path = Team58AppTests.swift; sourceTree = "<group>"; };
		024FD0DE21F9466C00869173 /* Info.plist */ = {isa = PBXFileReference; lastKnownFileType = text.plist.xml; path = Info.plist; sourceTree = "<group>"; };
		024FD0E321F9466C00869173 /* Team58AppUITests.xctest */ = {isa = PBXFileReference; explicitFileType = wrapper.cfbundle; includeInIndex = 0; path = Team58AppUITests.xctest; sourceTree = BUILT_PRODUCTS_DIR; };
		024FD0E721F9466C00869173 /* Team58AppUITests.swift */ = {isa = PBXFileReference; lastKnownFileType = sourcecode.swift; path = Team58AppUITests.swift; sourceTree = "<group>"; };
		024FD0E921F9466C00869173 /* Info.plist */ = {isa = PBXFileReference; lastKnownFileType = text.plist.xml; path = Info.plist; sourceTree = "<group>"; };
		0259E937221BD2D3003DB80B /* StoreData.swift */ = {isa = PBXFileReference; fileEncoding = 4; lastKnownFileType = sourcecode.swift; path = StoreData.swift; sourceTree = "<group>"; };
		0259E938221BD2D3003DB80B /* PullData.swift */ = {isa = PBXFileReference; fileEncoding = 4; lastKnownFileType = sourcecode.swift; path = PullData.swift; sourceTree = "<group>"; };
		0259E939221BD2D3003DB80B /* StoreScheduleData.swift */ = {isa = PBXFileReference; fileEncoding = 4; lastKnownFileType = sourcecode.swift; path = StoreScheduleData.swift; sourceTree = "<group>"; };
		0259E93A221BD2D3003DB80B /* scheduleViewController.swift */ = {isa = PBXFileReference; fileEncoding = 4; lastKnownFileType = sourcecode.swift; path = scheduleViewController.swift; sourceTree = "<group>"; };
		0259E93B221BD2D3003DB80B /* teamRosterViewController.swift */ = {isa = PBXFileReference; fileEncoding = 4; lastKnownFileType = sourcecode.swift; path = teamRosterViewController.swift; sourceTree = "<group>"; };
		0259E93C221BD2D3003DB80B /* PullScheduleData.swift */ = {isa = PBXFileReference; fileEncoding = 4; lastKnownFileType = sourcecode.swift; path = PullScheduleData.swift; sourceTree = "<group>"; };
		0292320C2257F59C003AA261 /* FavPullData.swift */ = {isa = PBXFileReference; fileEncoding = 4; lastKnownFileType = sourcecode.swift; path = FavPullData.swift; sourceTree = "<group>"; };
		0292320D2257F59C003AA261 /* FavStoreData.swift */ = {isa = PBXFileReference; fileEncoding = 4; lastKnownFileType = sourcecode.swift; path = FavStoreData.swift; sourceTree = "<group>"; };
		02A1D80C2240218000B182C1 /* Main.storyboard */ = {isa = PBXFileReference; fileEncoding = 4; lastKnownFileType = file.storyboard; path = Main.storyboard; sourceTree = "<group>"; };
		02C5173021FFB10300286F0A /* registrationViewController.swift */ = {isa = PBXFileReference; lastKnownFileType = sourcecode.swift; path = registrationViewController.swift; sourceTree = "<group>"; usesTabs = 0; };
		02C5173621FFB29F00286F0A /* homeScreenViewController.swift */ = {isa = PBXFileReference; fileEncoding = 4; lastKnownFileType = sourcecode.swift; path = homeScreenViewController.swift; sourceTree = "<group>"; };
		02E0C493225D5E710010C398 /* homeController.swift */ = {isa = PBXFileReference; lastKnownFileType = sourcecode.swift; path = homeController.swift; sourceTree = "<group>"; };
		02ED784222512AA000AC8EEE /* FavTableViewCell.swift */ = {isa = PBXFileReference; fileEncoding = 4; lastKnownFileType = sourcecode.swift; path = FavTableViewCell.swift; sourceTree = "<group>"; };
		02ED784422512AA000AC8EEE /* FavBSVC.swift */ = {isa = PBXFileReference; fileEncoding = 4; lastKnownFileType = sourcecode.swift; path = FavBSVC.swift; sourceTree = "<group>"; };
		02ED784522512AA000AC8EEE /* FavSCVC.swift */ = {isa = PBXFileReference; fileEncoding = 4; lastKnownFileType = sourcecode.swift; path = FavSCVC.swift; sourceTree = "<group>"; };
		02ED784622512AA100AC8EEE /* playerDetailViewController.swift */ = {isa = PBXFileReference; fileEncoding = 4; lastKnownFileType = sourcecode.swift; path = playerDetailViewController.swift; sourceTree = "<group>"; };
		02ED784722512AA100AC8EEE /* FavFBVC.swift */ = {isa = PBXFileReference; fileEncoding = 4; lastKnownFileType = sourcecode.swift; path = FavFBVC.swift; sourceTree = "<group>"; };
		02ED785222512AFE00AC8EEE /* FavBBVC.swift */ = {isa = PBXFileReference; lastKnownFileType = sourcecode.swift; path = FavBBVC.swift; sourceTree = "<group>"; };
		5B029ED6BD997B0406DC559B /* Pods_Team58App.framework */ = {isa = PBXFileReference; explicitFileType = wrapper.framework; includeInIndex = 0; path = Pods_Team58App.framework; sourceTree = BUILT_PRODUCTS_DIR; };
		79D07A4522120AFB00FCDB61 /* credentials.plist */ = {isa = PBXFileReference; fileEncoding = 4; lastKnownFileType = text.plist.xml; path = credentials.plist; sourceTree = "<group>"; };
		79FC1448225ADF6700573A45 /* todaysGamesVC.swift */ = {isa = PBXFileReference; lastKnownFileType = sourcecode.swift; path = todaysGamesVC.swift; sourceTree = "<group>"; };
		79FC144A225AE0AC00573A45 /* TGPullData.swift */ = {isa = PBXFileReference; lastKnownFileType = sourcecode.swift; path = TGPullData.swift; sourceTree = "<group>"; };
		79FC144C225AE0B800573A45 /* TGStoreData.swift */ = {isa = PBXFileReference; lastKnownFileType = sourcecode.swift; path = TGStoreData.swift; sourceTree = "<group>"; };
		84FBFFFB8D679CABC2076629 /* Pods-Team58App.debug.xcconfig */ = {isa = PBXFileReference; includeInIndex = 1; lastKnownFileType = text.xcconfig; name = "Pods-Team58App.debug.xcconfig"; path = "Pods/Target Support Files/Pods-Team58App/Pods-Team58App.debug.xcconfig"; sourceTree = "<group>"; };
		9EFBD6F8F43DCC8D4B982734 /* Pods-Team58App.release.xcconfig */ = {isa = PBXFileReference; includeInIndex = 1; lastKnownFileType = text.xcconfig; name = "Pods-Team58App.release.xcconfig"; path = "Pods/Target Support Files/Pods-Team58App/Pods-Team58App.release.xcconfig"; sourceTree = "<group>"; };
/* End PBXFileReference section */

/* Begin PBXFrameworksBuildPhase section */
		024FD0C121F9466B00869173 /* Frameworks */ = {
			isa = PBXFrameworksBuildPhase;
			buildActionMask = 2147483647;
			files = (
				15942344E0D8660D0CF6F8D3 /* Pods_Team58App.framework in Frameworks */,
			);
			runOnlyForDeploymentPostprocessing = 0;
		};
		024FD0D521F9466C00869173 /* Frameworks */ = {
			isa = PBXFrameworksBuildPhase;
			buildActionMask = 2147483647;
			files = (
			);
			runOnlyForDeploymentPostprocessing = 0;
		};
		024FD0E021F9466C00869173 /* Frameworks */ = {
			isa = PBXFrameworksBuildPhase;
			buildActionMask = 2147483647;
			files = (
			);
			runOnlyForDeploymentPostprocessing = 0;
		};
/* End PBXFrameworksBuildPhase section */

/* Begin PBXGroup section */
		024FD0BB21F9466B00869173 = {
			isa = PBXGroup;
			children = (
				02E0C493225D5E710010C398 /* homeController.swift */,
				024FD0C621F9466B00869173 /* Team58App */,
				024FD0DB21F9466C00869173 /* Team58AppTests */,
				024FD0E621F9466C00869173 /* Team58AppUITests */,
				024FD0C521F9466B00869173 /* Products */,
				9C540DE786C7119926E764F9 /* Pods */,
				4A6692570B3B6C0A8ECF2C88 /* Frameworks */,
			);
			sourceTree = "<group>";
		};
		024FD0C521F9466B00869173 /* Products */ = {
			isa = PBXGroup;
			children = (
				024FD0C421F9466B00869173 /* Team58App.app */,
				024FD0D821F9466C00869173 /* Team58AppTests.xctest */,
				024FD0E321F9466C00869173 /* Team58AppUITests.xctest */,
			);
			name = Products;
			sourceTree = "<group>";
		};
		024FD0C621F9466B00869173 /* Team58App */ = {
			isa = PBXGroup;
			children = (
				02A1D80C2240218000B182C1 /* Main.storyboard */,
				79FC144E225AE57900573A45 /* Todays Games Schedule */,
				02923210225A8E09003AA261 /* Home Screen */,
				02923212225A8E67003AA261 /* LogInandRegistration */,
				02ED785222512AFE00AC8EEE /* FavBBVC.swift */,
				02ED784722512AA100AC8EEE /* FavFBVC.swift */,
				02ED784422512AA000AC8EEE /* FavBSVC.swift */,
				02ED784522512AA000AC8EEE /* FavSCVC.swift */,
				021579D72249F461009275AF /* BBPlayerStatVC.swift */,
				021579F22249F464009275AF /* BSPlayerStatVC.swift */,
				021579F32249F464009275AF /* BSrosterViewController.swift */,
				021579E62249F463009275AF /* BSscheduleViewController.swift */,
				021579E42249F462009275AF /* BSteamStatsViewController.swift */,
				021579D62249F461009275AF /* FBPlayerStatVC.swift */,
				021579DD2249F462009275AF /* FBscheduleViewController.swift */,
				021579F42249F464009275AF /* FBteamRosterViewController.swift */,
				021579F62249F464009275AF /* FBteamStatsViewController.swift */,
				0259E938221BD2D3003DB80B /* PullData.swift */,
				021579ED2249F463009275AF /* PullDataBS.swift */,
				021579EF2249F463009275AF /* PullDataFB.swift */,
				021579E32249F462009275AF /* PullDataSC.swift */,
				021579EE2249F463009275AF /* PullindividualStatsData.swift */,
				021579D22249F461009275AF /* PullindividualStatsDataBS.swift */,
				021579CC2249F460009275AF /* PullindividualStatsDataFB.swift */,
				021579CE2249F460009275AF /* PullindividualStatsDataSoc.swift */,
				021579D92249F461009275AF /* PullScheduleDataBS.swift */,
				021579F72249F464009275AF /* PullScheduleDataFB.swift */,
				021579D82249F461009275AF /* PullScheduleDataSC.swift */,
				021579D12249F461009275AF /* PullTeamStatsBS.swift */,
				021579DE2249F462009275AF /* PullTeamStatsData.swift */,
				021579E12249F462009275AF /* PullTeamStatsFB.swift */,
				021579DA2249F461009275AF /* PullTeamStatsSC.swift */,
				021579DF2249F462009275AF /* SCPlayerStatVC.swift */,
				021579CF2249F460009275AF /* SCscheduleViewController.swift */,
				021579D42249F461009275AF /* SCstatsViewController.swift */,
				021579CD2249F460009275AF /* SCteamRosterViewController.swift */,
				0259E937221BD2D3003DB80B /* StoreData.swift */,
				021579F02249F463009275AF /* StoreDataBS.swift */,
				021579EB2249F463009275AF /* StoreDataFB.swift */,
				021579F52249F464009275AF /* StoreDataSC.swift */,
				021579D32249F461009275AF /* StoreindividualStatsData.swift */,
				021579E92249F463009275AF /* StoreindividualStatsDataFB.swift */,
				021579F82249F464009275AF /* StoreindividualStatsDataSC.swift */,
				021579EA2249F463009275AF /* StoreinidividualStatsDataBS.swift */,
				021579E52249F462009275AF /* StoreScheduleDataBS.swift */,
				021579D02249F461009275AF /* StoreScheduleDataFB.swift */,
				021579F92249F464009275AF /* StoreScheduleDataSC.swift */,
				021579E82249F463009275AF /* StoreTeamStatsData.swift */,
				021579D52249F461009275AF /* StoreTeamStatsDataBS.swift */,
				021579EC2249F463009275AF /* StoreTeamStatsDataFB.swift */,
				021579F12249F464009275AF /* StoreTeamStatsDataSC.swift */,
				021579DC2249F462009275AF /* teamStatsViewController.swift */,
				021579E02249F462009275AF /* toTeamRostersViewController.swift */,
				79D07A4522120AFB00FCDB61 /* credentials.plist */,
				0259E93C221BD2D3003DB80B /* PullScheduleData.swift */,
				0259E93A221BD2D3003DB80B /* scheduleViewController.swift */,
				0259E939221BD2D3003DB80B /* StoreScheduleData.swift */,
				0259E93B221BD2D3003DB80B /* teamRosterViewController.swift */,
				024FD0C721F9466B00869173 /* AppDelegate.swift */,
				024FD0C921F9466B00869173 /* ViewController.swift */,
				024FD0CE21F9466C00869173 /* Assets.xcassets */,
				024FD0D021F9466C00869173 /* LaunchScreen.storyboard */,
				024FD0D321F9466C00869173 /* Info.plist */,
			);
			path = Team58App;
			sourceTree = "<group>";
		};
		024FD0DB21F9466C00869173 /* Team58AppTests */ = {
			isa = PBXGroup;
			children = (
				024FD0DC21F9466C00869173 /* Team58AppTests.swift */,
				024FD0DE21F9466C00869173 /* Info.plist */,
			);
			path = Team58AppTests;
			sourceTree = "<group>";
		};
		024FD0E621F9466C00869173 /* Team58AppUITests */ = {
			isa = PBXGroup;
			children = (
				024FD0E721F9466C00869173 /* Team58AppUITests.swift */,
				024FD0E921F9466C00869173 /* Info.plist */,
			);
			path = Team58AppUITests;
			sourceTree = "<group>";
		};
		02923210225A8E09003AA261 /* Home Screen */ = {
			isa = PBXGroup;
			children = (
				02C5173621FFB29F00286F0A /* homeScreenViewController.swift */,
				0292320C2257F59C003AA261 /* FavPullData.swift */,
				023C6EED2249F92D0047E969 /* FavoriteCellStruct.swift */,
				0292320D2257F59C003AA261 /* FavStoreData.swift */,
				02ED784222512AA000AC8EEE /* FavTableViewCell.swift */,
				02ED784622512AA100AC8EEE /* playerDetailViewController.swift */,
			);
			path = "Home Screen";
			sourceTree = "<group>";
		};
		02923212225A8E67003AA261 /* LogInandRegistration */ = {
			isa = PBXGroup;
			children = (
				02C5173021FFB10300286F0A /* registrationViewController.swift */,
				023C6EEF224A024A0047E969 /* LogInViewController.swift */,
			);
			path = LogInandRegistration;
			sourceTree = "<group>";
		};
		4A6692570B3B6C0A8ECF2C88 /* Frameworks */ = {
			isa = PBXGroup;
			children = (
				5B029ED6BD997B0406DC559B /* Pods_Team58App.framework */,
			);
			name = Frameworks;
			sourceTree = "<group>";
		};
		79FC144E225AE57900573A45 /* Todays Games Schedule */ = {
			isa = PBXGroup;
			children = (
				79FC144C225AE0B800573A45 /* TGStoreData.swift */,
				79FC1448225ADF6700573A45 /* todaysGamesVC.swift */,
				79FC144A225AE0AC00573A45 /* TGPullData.swift */,
			);
			path = "Todays Games Schedule";
			sourceTree = "<group>";
		};
		9C540DE786C7119926E764F9 /* Pods */ = {
			isa = PBXGroup;
			children = (
				84FBFFFB8D679CABC2076629 /* Pods-Team58App.debug.xcconfig */,
				9EFBD6F8F43DCC8D4B982734 /* Pods-Team58App.release.xcconfig */,
			);
			name = Pods;
			sourceTree = "<group>";
		};
/* End PBXGroup section */

/* Begin PBXNativeTarget section */
		024FD0C321F9466B00869173 /* Team58App */ = {
			isa = PBXNativeTarget;
			buildConfigurationList = 024FD0EC21F9466C00869173 /* Build configuration list for PBXNativeTarget "Team58App" */;
			buildPhases = (
				B525E866F324FD3751C25268 /* [CP] Check Pods Manifest.lock */,
				024FD0C021F9466B00869173 /* Sources */,
				024FD0C121F9466B00869173 /* Frameworks */,
				024FD0C221F9466B00869173 /* Resources */,
				3C1EB2E50C44381FBE5BC930 /* [CP] Embed Pods Frameworks */,
				272F5675EE2DDEF86050FC80 /* [CP] Copy Pods Resources */,
			);
			buildRules = (
			);
			dependencies = (
			);
			name = Team58App;
			productName = Team58App;
			productReference = 024FD0C421F9466B00869173 /* Team58App.app */;
			productType = "com.apple.product-type.application";
		};
		024FD0D721F9466C00869173 /* Team58AppTests */ = {
			isa = PBXNativeTarget;
			buildConfigurationList = 024FD0EF21F9466C00869173 /* Build configuration list for PBXNativeTarget "Team58AppTests" */;
			buildPhases = (
				024FD0D421F9466C00869173 /* Sources */,
				024FD0D521F9466C00869173 /* Frameworks */,
				024FD0D621F9466C00869173 /* Resources */,
			);
			buildRules = (
			);
			dependencies = (
				024FD0DA21F9466C00869173 /* PBXTargetDependency */,
			);
			name = Team58AppTests;
			productName = Team58AppTests;
			productReference = 024FD0D821F9466C00869173 /* Team58AppTests.xctest */;
			productType = "com.apple.product-type.bundle.unit-test";
		};
		024FD0E221F9466C00869173 /* Team58AppUITests */ = {
			isa = PBXNativeTarget;
			buildConfigurationList = 024FD0F221F9466C00869173 /* Build configuration list for PBXNativeTarget "Team58AppUITests" */;
			buildPhases = (
				024FD0DF21F9466C00869173 /* Sources */,
				024FD0E021F9466C00869173 /* Frameworks */,
				024FD0E121F9466C00869173 /* Resources */,
			);
			buildRules = (
			);
			dependencies = (
				024FD0E521F9466C00869173 /* PBXTargetDependency */,
			);
			name = Team58AppUITests;
			productName = Team58AppUITests;
			productReference = 024FD0E321F9466C00869173 /* Team58AppUITests.xctest */;
			productType = "com.apple.product-type.bundle.ui-testing";
		};
/* End PBXNativeTarget section */

/* Begin PBXProject section */
		024FD0BC21F9466B00869173 /* Project object */ = {
			isa = PBXProject;
			attributes = {
				LastSwiftUpdateCheck = 1010;
				LastUpgradeCheck = 1010;
				ORGANIZATIONNAME = rpoplaws;
				TargetAttributes = {
					024FD0C321F9466B00869173 = {
						CreatedOnToolsVersion = 10.1;
					};
					024FD0D721F9466C00869173 = {
						CreatedOnToolsVersion = 10.1;
						TestTargetID = 024FD0C321F9466B00869173;
					};
					024FD0E221F9466C00869173 = {
						CreatedOnToolsVersion = 10.1;
						TestTargetID = 024FD0C321F9466B00869173;
					};
				};
			};
			buildConfigurationList = 024FD0BF21F9466B00869173 /* Build configuration list for PBXProject "Team58App" */;
			compatibilityVersion = "Xcode 9.3";
			developmentRegion = en;
			hasScannedForEncodings = 0;
			knownRegions = (
				en,
				Base,
			);
			mainGroup = 024FD0BB21F9466B00869173;
			productRefGroup = 024FD0C521F9466B00869173 /* Products */;
			projectDirPath = "";
			projectRoot = "";
			targets = (
				024FD0C321F9466B00869173 /* Team58App */,
				024FD0D721F9466C00869173 /* Team58AppTests */,
				024FD0E221F9466C00869173 /* Team58AppUITests */,
			);
		};
/* End PBXProject section */

/* Begin PBXResourcesBuildPhase section */
		024FD0C221F9466B00869173 /* Resources */ = {
			isa = PBXResourcesBuildPhase;
			buildActionMask = 2147483647;
			files = (
				024FD0D221F9466C00869173 /* LaunchScreen.storyboard in Resources */,
				79D07A4622120AFB00FCDB61 /* credentials.plist in Resources */,
				024FD0CF21F9466C00869173 /* Assets.xcassets in Resources */,
				02A1D80D2240218000B182C1 /* Main.storyboard in Resources */,
			);
			runOnlyForDeploymentPostprocessing = 0;
		};
		024FD0D621F9466C00869173 /* Resources */ = {
			isa = PBXResourcesBuildPhase;
			buildActionMask = 2147483647;
			files = (
			);
			runOnlyForDeploymentPostprocessing = 0;
		};
		024FD0E121F9466C00869173 /* Resources */ = {
			isa = PBXResourcesBuildPhase;
			buildActionMask = 2147483647;
			files = (
			);
			runOnlyForDeploymentPostprocessing = 0;
		};
/* End PBXResourcesBuildPhase section */

/* Begin PBXShellScriptBuildPhase section */
		272F5675EE2DDEF86050FC80 /* [CP] Copy Pods Resources */ = {
			isa = PBXShellScriptBuildPhase;
			buildActionMask = 2147483647;
			files = (
			);
			inputFileListPaths = (
			);
			inputPaths = (
				"${SRCROOT}/Pods/Target Support Files/Pods-Team58App/Pods-Team58App-resources.sh",
				"${PODS_ROOT}/GoogleSignIn/Resources/GoogleSignIn.bundle",
			);
			name = "[CP] Copy Pods Resources";
			outputFileListPaths = (
			);
			outputPaths = (
				"${TARGET_BUILD_DIR}/${UNLOCALIZED_RESOURCES_FOLDER_PATH}/GoogleSignIn.bundle",
			);
			runOnlyForDeploymentPostprocessing = 0;
			shellPath = /bin/sh;
			shellScript = "\"${SRCROOT}/Pods/Target Support Files/Pods-Team58App/Pods-Team58App-resources.sh\"\n";
			showEnvVarsInLog = 0;
		};
		3C1EB2E50C44381FBE5BC930 /* [CP] Embed Pods Frameworks */ = {
			isa = PBXShellScriptBuildPhase;
			buildActionMask = 2147483647;
			files = (
			);
			inputFileListPaths = (
			);
			inputPaths = (
				"${SRCROOT}/Pods/Target Support Files/Pods-Team58App/Pods-Team58App-frameworks.sh",
				"${BUILT_PRODUCTS_DIR}/Alamofire/Alamofire.framework",
				"${BUILT_PRODUCTS_DIR}/GTMSessionFetcher/GTMSessionFetcher.framework",
				"${BUILT_PRODUCTS_DIR}/GoogleToolboxForMac/GoogleToolboxForMac.framework",
				"${BUILT_PRODUCTS_DIR}/SwiftyJSON/SwiftyJSON.framework",
			);
			name = "[CP] Embed Pods Frameworks";
			outputFileListPaths = (
			);
			outputPaths = (
				"${TARGET_BUILD_DIR}/${FRAMEWORKS_FOLDER_PATH}/Alamofire.framework",
				"${TARGET_BUILD_DIR}/${FRAMEWORKS_FOLDER_PATH}/GTMSessionFetcher.framework",
				"${TARGET_BUILD_DIR}/${FRAMEWORKS_FOLDER_PATH}/GoogleToolboxForMac.framework",
				"${TARGET_BUILD_DIR}/${FRAMEWORKS_FOLDER_PATH}/SwiftyJSON.framework",
			);
			runOnlyForDeploymentPostprocessing = 0;
			shellPath = /bin/sh;
			shellScript = "\"${SRCROOT}/Pods/Target Support Files/Pods-Team58App/Pods-Team58App-frameworks.sh\"\n";
			showEnvVarsInLog = 0;
		};
		B525E866F324FD3751C25268 /* [CP] Check Pods Manifest.lock */ = {
			isa = PBXShellScriptBuildPhase;
			buildActionMask = 2147483647;
			files = (
			);
			inputFileListPaths = (
			);
			inputPaths = (
				"${PODS_PODFILE_DIR_PATH}/Podfile.lock",
				"${PODS_ROOT}/Manifest.lock",
			);
			name = "[CP] Check Pods Manifest.lock";
			outputFileListPaths = (
			);
			outputPaths = (
				"$(DERIVED_FILE_DIR)/Pods-Team58App-checkManifestLockResult.txt",
			);
			runOnlyForDeploymentPostprocessing = 0;
			shellPath = /bin/sh;
			shellScript = "diff \"${PODS_PODFILE_DIR_PATH}/Podfile.lock\" \"${PODS_ROOT}/Manifest.lock\" > /dev/null\nif [ $? != 0 ] ; then\n    # print error to STDERR\n    echo \"error: The sandbox is not in sync with the Podfile.lock. Run 'pod install' or update your CocoaPods installation.\" >&2\n    exit 1\nfi\n# This output is used by Xcode 'outputs' to avoid re-running this script phase.\necho \"SUCCESS\" > \"${SCRIPT_OUTPUT_FILE_0}\"\n";
			showEnvVarsInLog = 0;
		};
/* End PBXShellScriptBuildPhase section */

/* Begin PBXSourcesBuildPhase section */
		024FD0C021F9466B00869173 /* Sources */ = {
			isa = PBXSourcesBuildPhase;
			buildActionMask = 2147483647;
			files = (
				02157A022249F464009275AF /* SCstatsViewController.swift in Sources */,
				02157A132249F464009275AF /* StoreScheduleDataBS.swift in Sources */,
				02157A142249F464009275AF /* BSscheduleViewController.swift in Sources */,
				02157A0B2249F464009275AF /* FBscheduleViewController.swift in Sources */,
				02157A052249F464009275AF /* BBPlayerStatVC.swift in Sources */,
				0259E93E221BD2D4003DB80B /* PullData.swift in Sources */,
				02157A272249F464009275AF /* StoreScheduleDataSC.swift in Sources */,
				02157A212249F464009275AF /* BSrosterViewController.swift in Sources */,
				023C6EF0224A024A0047E969 /* LogInViewController.swift in Sources */,
				02157A162249F464009275AF /* StoreTeamStatsData.swift in Sources */,
				02157A1A2249F464009275AF /* StoreTeamStatsDataFB.swift in Sources */,
				02157A1F2249F464009275AF /* StoreTeamStatsDataSC.swift in Sources */,
				021579FE2249F464009275AF /* StoreScheduleDataFB.swift in Sources */,
				021579FA2249F464009275AF /* PullindividualStatsDataFB.swift in Sources */,
				02157A182249F464009275AF /* StoreinidividualStatsDataBS.swift in Sources */,
				02E0C494225D5E710010C398 /* homeController.swift in Sources */,
				02C5173721FFB29F00286F0A /* homeScreenViewController.swift in Sources */,
				024FD0CA21F9466B00869173 /* ViewController.swift in Sources */,
				02157A172249F464009275AF /* StoreindividualStatsDataFB.swift in Sources */,
				02157A262249F464009275AF /* StoreindividualStatsDataSC.swift in Sources */,
				02157A232249F464009275AF /* StoreDataSC.swift in Sources */,
				021579FB2249F464009275AF /* SCteamRosterViewController.swift in Sources */,
				0259E942221BD2D4003DB80B /* PullScheduleData.swift in Sources */,
				02ED784C22512AA100AC8EEE /* FavBSVC.swift in Sources */,
				024FD0C821F9466B00869173 /* AppDelegate.swift in Sources */,
				023C6EEE2249F92D0047E969 /* FavoriteCellStruct.swift in Sources */,
				02157A1D2249F464009275AF /* PullDataFB.swift in Sources */,
				02157A242249F464009275AF /* FBteamStatsViewController.swift in Sources */,
				02157A122249F464009275AF /* BSteamStatsViewController.swift in Sources */,
				02157A0F2249F464009275AF /* PullTeamStatsFB.swift in Sources */,
				02ED784A22512AA100AC8EEE /* FavTableViewCell.swift in Sources */,
				021579FF2249F464009275AF /* PullTeamStatsBS.swift in Sources */,
				02157A1E2249F464009275AF /* StoreDataBS.swift in Sources */,
				02ED784D22512AA100AC8EEE /* FavSCVC.swift in Sources */,
				021579FD2249F464009275AF /* SCscheduleViewController.swift in Sources */,
				0292320F2257F59C003AA261 /* FavStoreData.swift in Sources */,
				02157A202249F464009275AF /* BSPlayerStatVC.swift in Sources */,
				02157A062249F464009275AF /* PullScheduleDataSC.swift in Sources */,
				79FC144D225AE0B800573A45 /* TGStoreData.swift in Sources */,
				02157A032249F464009275AF /* StoreTeamStatsDataBS.swift in Sources */,
				0259E940221BD2D4003DB80B /* scheduleViewController.swift in Sources */,
				0259E93D221BD2D4003DB80B /* StoreData.swift in Sources */,
				021579FC2249F464009275AF /* PullindividualStatsDataSoc.swift in Sources */,
				02157A082249F464009275AF /* PullTeamStatsSC.swift in Sources */,
				02ED785322512AFE00AC8EEE /* FavBBVC.swift in Sources */,
				02157A1C2249F464009275AF /* PullindividualStatsData.swift in Sources */,
				02157A002249F464009275AF /* PullindividualStatsDataBS.swift in Sources */,
				02157A222249F464009275AF /* FBteamRosterViewController.swift in Sources */,
				02157A0A2249F464009275AF /* teamStatsViewController.swift in Sources */,
				02157A042249F464009275AF /* FBPlayerStatVC.swift in Sources */,
				02157A012249F464009275AF /* StoreindividualStatsData.swift in Sources */,
				02157A112249F464009275AF /* PullDataSC.swift in Sources */,
				02ED784E22512AA100AC8EEE /* playerDetailViewController.swift in Sources */,
				02157A072249F464009275AF /* PullScheduleDataBS.swift in Sources */,
				02157A252249F464009275AF /* PullScheduleDataFB.swift in Sources */,
				0259E93F221BD2D4003DB80B /* StoreScheduleData.swift in Sources */,
				0259E941221BD2D4003DB80B /* teamRosterViewController.swift in Sources */,
				02157A0E2249F464009275AF /* toTeamRostersViewController.swift in Sources */,
				79FC144B225AE0AC00573A45 /* TGPullData.swift in Sources */,
				02157A0D2249F464009275AF /* SCPlayerStatVC.swift in Sources */,
				79FC1449225ADF6700573A45 /* todaysGamesVC.swift in Sources */,
				02157A192249F464009275AF /* StoreDataFB.swift in Sources */,
				02157A0C2249F464009275AF /* PullTeamStatsData.swift in Sources */,
				02ED784F22512AA100AC8EEE /* FavFBVC.swift in Sources */,
				0292320E2257F59C003AA261 /* FavPullData.swift in Sources */,
				02C5173121FFB10300286F0A /* registrationViewController.swift in Sources */,
				02157A1B2249F464009275AF /* PullDataBS.swift in Sources */,
			);
			runOnlyForDeploymentPostprocessing = 0;
		};
		024FD0D421F9466C00869173 /* Sources */ = {
			isa = PBXSourcesBuildPhase;
			buildActionMask = 2147483647;
			files = (
				024FD0DD21F9466C00869173 /* Team58AppTests.swift in Sources */,
			);
			runOnlyForDeploymentPostprocessing = 0;
		};
		024FD0DF21F9466C00869173 /* Sources */ = {
			isa = PBXSourcesBuildPhase;
			buildActionMask = 2147483647;
			files = (
				024FD0E821F9466C00869173 /* Team58AppUITests.swift in Sources */,
			);
			runOnlyForDeploymentPostprocessing = 0;
		};
/* End PBXSourcesBuildPhase section */

/* Begin PBXTargetDependency section */
		024FD0DA21F9466C00869173 /* PBXTargetDependency */ = {
			isa = PBXTargetDependency;
			target = 024FD0C321F9466B00869173 /* Team58App */;
			targetProxy = 024FD0D921F9466C00869173 /* PBXContainerItemProxy */;
		};
		024FD0E521F9466C00869173 /* PBXTargetDependency */ = {
			isa = PBXTargetDependency;
			target = 024FD0C321F9466B00869173 /* Team58App */;
			targetProxy = 024FD0E421F9466C00869173 /* PBXContainerItemProxy */;
		};
/* End PBXTargetDependency section */

/* Begin PBXVariantGroup section */
		024FD0D021F9466C00869173 /* LaunchScreen.storyboard */ = {
			isa = PBXVariantGroup;
			children = (
				024FD0D121F9466C00869173 /* Base */,
			);
			name = LaunchScreen.storyboard;
			sourceTree = "<group>";
		};
/* End PBXVariantGroup section */

/* Begin XCBuildConfiguration section */
		024FD0EA21F9466C00869173 /* Debug */ = {
			isa = XCBuildConfiguration;
			buildSettings = {
				ALWAYS_SEARCH_USER_PATHS = NO;
				CLANG_ANALYZER_NONNULL = YES;
				CLANG_ANALYZER_NUMBER_OBJECT_CONVERSION = YES_AGGRESSIVE;
				CLANG_CXX_LANGUAGE_STANDARD = "gnu++14";
				CLANG_CXX_LIBRARY = "libc++";
				CLANG_ENABLE_MODULES = YES;
				CLANG_ENABLE_OBJC_ARC = YES;
				CLANG_ENABLE_OBJC_WEAK = YES;
				CLANG_WARN_BLOCK_CAPTURE_AUTORELEASING = YES;
				CLANG_WARN_BOOL_CONVERSION = YES;
				CLANG_WARN_COMMA = YES;
				CLANG_WARN_CONSTANT_CONVERSION = YES;
				CLANG_WARN_DEPRECATED_OBJC_IMPLEMENTATIONS = YES;
				CLANG_WARN_DIRECT_OBJC_ISA_USAGE = YES_ERROR;
				CLANG_WARN_DOCUMENTATION_COMMENTS = YES;
				CLANG_WARN_EMPTY_BODY = YES;
				CLANG_WARN_ENUM_CONVERSION = YES;
				CLANG_WARN_INFINITE_RECURSION = YES;
				CLANG_WARN_INT_CONVERSION = YES;
				CLANG_WARN_NON_LITERAL_NULL_CONVERSION = YES;
				CLANG_WARN_OBJC_IMPLICIT_RETAIN_SELF = YES;
				CLANG_WARN_OBJC_LITERAL_CONVERSION = YES;
				CLANG_WARN_OBJC_ROOT_CLASS = YES_ERROR;
				CLANG_WARN_RANGE_LOOP_ANALYSIS = YES;
				CLANG_WARN_STRICT_PROTOTYPES = YES;
				CLANG_WARN_SUSPICIOUS_MOVE = YES;
				CLANG_WARN_UNGUARDED_AVAILABILITY = YES_AGGRESSIVE;
				CLANG_WARN_UNREACHABLE_CODE = YES;
				CLANG_WARN__DUPLICATE_METHOD_MATCH = YES;
				CODE_SIGN_IDENTITY = "iPhone Developer";
				COPY_PHASE_STRIP = NO;
				DEBUG_INFORMATION_FORMAT = dwarf;
				ENABLE_STRICT_OBJC_MSGSEND = YES;
				ENABLE_TESTABILITY = YES;
				GCC_C_LANGUAGE_STANDARD = gnu11;
				GCC_DYNAMIC_NO_PIC = NO;
				GCC_NO_COMMON_BLOCKS = YES;
				GCC_OPTIMIZATION_LEVEL = 0;
				GCC_PREPROCESSOR_DEFINITIONS = (
					"DEBUG=1",
					"$(inherited)",
				);
				GCC_WARN_64_TO_32_BIT_CONVERSION = YES;
				GCC_WARN_ABOUT_RETURN_TYPE = YES_ERROR;
				GCC_WARN_UNDECLARED_SELECTOR = YES;
				GCC_WARN_UNINITIALIZED_AUTOS = YES_AGGRESSIVE;
				GCC_WARN_UNUSED_FUNCTION = YES;
				GCC_WARN_UNUSED_VARIABLE = YES;
				IPHONEOS_DEPLOYMENT_TARGET = 12.1;
				MTL_ENABLE_DEBUG_INFO = INCLUDE_SOURCE;
				MTL_FAST_MATH = YES;
				ONLY_ACTIVE_ARCH = YES;
				SDKROOT = iphoneos;
				SWIFT_ACTIVE_COMPILATION_CONDITIONS = DEBUG;
				SWIFT_OPTIMIZATION_LEVEL = "-Onone";
				SWIFT_VERSION = 3.0;
			};
			name = Debug;
		};
		024FD0EB21F9466C00869173 /* Release */ = {
			isa = XCBuildConfiguration;
			buildSettings = {
				ALWAYS_SEARCH_USER_PATHS = NO;
				CLANG_ANALYZER_NONNULL = YES;
				CLANG_ANALYZER_NUMBER_OBJECT_CONVERSION = YES_AGGRESSIVE;
				CLANG_CXX_LANGUAGE_STANDARD = "gnu++14";
				CLANG_CXX_LIBRARY = "libc++";
				CLANG_ENABLE_MODULES = YES;
				CLANG_ENABLE_OBJC_ARC = YES;
				CLANG_ENABLE_OBJC_WEAK = YES;
				CLANG_WARN_BLOCK_CAPTURE_AUTORELEASING = YES;
				CLANG_WARN_BOOL_CONVERSION = YES;
				CLANG_WARN_COMMA = YES;
				CLANG_WARN_CONSTANT_CONVERSION = YES;
				CLANG_WARN_DEPRECATED_OBJC_IMPLEMENTATIONS = YES;
				CLANG_WARN_DIRECT_OBJC_ISA_USAGE = YES_ERROR;
				CLANG_WARN_DOCUMENTATION_COMMENTS = YES;
				CLANG_WARN_EMPTY_BODY = YES;
				CLANG_WARN_ENUM_CONVERSION = YES;
				CLANG_WARN_INFINITE_RECURSION = YES;
				CLANG_WARN_INT_CONVERSION = YES;
				CLANG_WARN_NON_LITERAL_NULL_CONVERSION = YES;
				CLANG_WARN_OBJC_IMPLICIT_RETAIN_SELF = YES;
				CLANG_WARN_OBJC_LITERAL_CONVERSION = YES;
				CLANG_WARN_OBJC_ROOT_CLASS = YES_ERROR;
				CLANG_WARN_RANGE_LOOP_ANALYSIS = YES;
				CLANG_WARN_STRICT_PROTOTYPES = YES;
				CLANG_WARN_SUSPICIOUS_MOVE = YES;
				CLANG_WARN_UNGUARDED_AVAILABILITY = YES_AGGRESSIVE;
				CLANG_WARN_UNREACHABLE_CODE = YES;
				CLANG_WARN__DUPLICATE_METHOD_MATCH = YES;
				CODE_SIGN_IDENTITY = "iPhone Developer";
				COPY_PHASE_STRIP = NO;
				DEBUG_INFORMATION_FORMAT = "dwarf-with-dsym";
				ENABLE_NS_ASSERTIONS = NO;
				ENABLE_STRICT_OBJC_MSGSEND = YES;
				GCC_C_LANGUAGE_STANDARD = gnu11;
				GCC_NO_COMMON_BLOCKS = YES;
				GCC_WARN_64_TO_32_BIT_CONVERSION = YES;
				GCC_WARN_ABOUT_RETURN_TYPE = YES_ERROR;
				GCC_WARN_UNDECLARED_SELECTOR = YES;
				GCC_WARN_UNINITIALIZED_AUTOS = YES_AGGRESSIVE;
				GCC_WARN_UNUSED_FUNCTION = YES;
				GCC_WARN_UNUSED_VARIABLE = YES;
				IPHONEOS_DEPLOYMENT_TARGET = 12.1;
				MTL_ENABLE_DEBUG_INFO = NO;
				MTL_FAST_MATH = YES;
				SDKROOT = iphoneos;
				SWIFT_COMPILATION_MODE = wholemodule;
				SWIFT_OPTIMIZATION_LEVEL = "-O";
				SWIFT_VERSION = 3.0;
				VALIDATE_PRODUCT = YES;
			};
			name = Release;
		};
		024FD0ED21F9466C00869173 /* Debug */ = {
			isa = XCBuildConfiguration;
			baseConfigurationReference = 84FBFFFB8D679CABC2076629 /* Pods-Team58App.debug.xcconfig */;
			buildSettings = {
				ASSETCATALOG_COMPILER_APPICON_NAME = AppIcon;
				CODE_SIGN_STYLE = Automatic;
				DEVELOPMENT_TEAM = CMN89Q8XXY;
				INFOPLIST_FILE = Team58App/Info.plist;
				LD_RUNPATH_SEARCH_PATHS = (
					"$(inherited)",
					"@executable_path/Frameworks",
				);
				PRODUCT_BUNDLE_IDENTIFIER = "com.bucci-.Team58App";
				PRODUCT_NAME = "$(TARGET_NAME)";
				SWIFT_VERSION = 4.2;
				TARGETED_DEVICE_FAMILY = "1,2";
			};
			name = Debug;
		};
		024FD0EE21F9466C00869173 /* Release */ = {
			isa = XCBuildConfiguration;
			baseConfigurationReference = 9EFBD6F8F43DCC8D4B982734 /* Pods-Team58App.release.xcconfig */;
			buildSettings = {
				ASSETCATALOG_COMPILER_APPICON_NAME = AppIcon;
				CODE_SIGN_STYLE = Automatic;
				DEVELOPMENT_TEAM = CMN89Q8XXY;
				INFOPLIST_FILE = Team58App/Info.plist;
				LD_RUNPATH_SEARCH_PATHS = (
					"$(inherited)",
					"@executable_path/Frameworks",
				);
				PRODUCT_BUNDLE_IDENTIFIER = "com.bucci-.Team58App";
				PRODUCT_NAME = "$(TARGET_NAME)";
				SWIFT_VERSION = 4.2;
				TARGETED_DEVICE_FAMILY = "1,2";
			};
			name = Release;
		};
		024FD0F021F9466C00869173 /* Debug */ = {
			isa = XCBuildConfiguration;
			buildSettings = {
				ALWAYS_EMBED_SWIFT_STANDARD_LIBRARIES = YES;
				BUNDLE_LOADER = "$(TEST_HOST)";
				CODE_SIGN_STYLE = Automatic;
				INFOPLIST_FILE = Team58AppTests/Info.plist;
				LD_RUNPATH_SEARCH_PATHS = (
					"$(inherited)",
					"@executable_path/Frameworks",
					"@loader_path/Frameworks",
				);
				PRODUCT_BUNDLE_IDENTIFIER = "com.rpoplaws-.Team58AppTests";
				PRODUCT_NAME = "$(TARGET_NAME)";
				SWIFT_VERSION = 3.0;
				TARGETED_DEVICE_FAMILY = "1,2";
				TEST_HOST = "$(BUILT_PRODUCTS_DIR)/Team58App.app/Team58App";
			};
			name = Debug;
		};
		024FD0F121F9466C00869173 /* Release */ = {
			isa = XCBuildConfiguration;
			buildSettings = {
				ALWAYS_EMBED_SWIFT_STANDARD_LIBRARIES = YES;
				BUNDLE_LOADER = "$(TEST_HOST)";
				CODE_SIGN_STYLE = Automatic;
				INFOPLIST_FILE = Team58AppTests/Info.plist;
				LD_RUNPATH_SEARCH_PATHS = (
					"$(inherited)",
					"@executable_path/Frameworks",
					"@loader_path/Frameworks",
				);
				PRODUCT_BUNDLE_IDENTIFIER = "com.rpoplaws-.Team58AppTests";
				PRODUCT_NAME = "$(TARGET_NAME)";
				SWIFT_VERSION = 3.0;
				TARGETED_DEVICE_FAMILY = "1,2";
				TEST_HOST = "$(BUILT_PRODUCTS_DIR)/Team58App.app/Team58App";
			};
			name = Release;
		};
		024FD0F321F9466C00869173 /* Debug */ = {
			isa = XCBuildConfiguration;
			buildSettings = {
				ALWAYS_EMBED_SWIFT_STANDARD_LIBRARIES = YES;
				CODE_SIGN_STYLE = Automatic;
				INFOPLIST_FILE = Team58AppUITests/Info.plist;
				LD_RUNPATH_SEARCH_PATHS = (
					"$(inherited)",
					"@executable_path/Frameworks",
					"@loader_path/Frameworks",
				);
				PRODUCT_BUNDLE_IDENTIFIER = "com.rpoplaws-.Team58AppUITests";
				PRODUCT_NAME = "$(TARGET_NAME)";
				SWIFT_VERSION = 4.2;
				TARGETED_DEVICE_FAMILY = "1,2";
				TEST_TARGET_NAME = Team58App;
			};
			name = Debug;
		};
		024FD0F421F9466C00869173 /* Release */ = {
			isa = XCBuildConfiguration;
			buildSettings = {
				ALWAYS_EMBED_SWIFT_STANDARD_LIBRARIES = YES;
				CODE_SIGN_STYLE = Automatic;
				INFOPLIST_FILE = Team58AppUITests/Info.plist;
				LD_RUNPATH_SEARCH_PATHS = (
					"$(inherited)",
					"@executable_path/Frameworks",
					"@loader_path/Frameworks",
				);
				PRODUCT_BUNDLE_IDENTIFIER = "com.rpoplaws-.Team58AppUITests";
				PRODUCT_NAME = "$(TARGET_NAME)";
				SWIFT_VERSION = 4.2;
				TARGETED_DEVICE_FAMILY = "1,2";
				TEST_TARGET_NAME = Team58App;
			};
			name = Release;
		};
/* End XCBuildConfiguration section */

/* Begin XCConfigurationList section */
		024FD0BF21F9466B00869173 /* Build configuration list for PBXProject "Team58App" */ = {
			isa = XCConfigurationList;
			buildConfigurations = (
				024FD0EA21F9466C00869173 /* Debug */,
				024FD0EB21F9466C00869173 /* Release */,
			);
			defaultConfigurationIsVisible = 0;
			defaultConfigurationName = Release;
		};
		024FD0EC21F9466C00869173 /* Build configuration list for PBXNativeTarget "Team58App" */ = {
			isa = XCConfigurationList;
			buildConfigurations = (
				024FD0ED21F9466C00869173 /* Debug */,
				024FD0EE21F9466C00869173 /* Release */,
			);
			defaultConfigurationIsVisible = 0;
			defaultConfigurationName = Release;
		};
		024FD0EF21F9466C00869173 /* Build configuration list for PBXNativeTarget "Team58AppTests" */ = {
			isa = XCConfigurationList;
			buildConfigurations = (
				024FD0F021F9466C00869173 /* Debug */,
				024FD0F121F9466C00869173 /* Release */,
			);
			defaultConfigurationIsVisible = 0;
			defaultConfigurationName = Release;
		};
		024FD0F221F9466C00869173 /* Build configuration list for PBXNativeTarget "Team58AppUITests" */ = {
			isa = XCConfigurationList;
			buildConfigurations = (
				024FD0F321F9466C00869173 /* Debug */,
				024FD0F421F9466C00869173 /* Release */,
			);
			defaultConfigurationIsVisible = 0;
			defaultConfigurationName = Release;
		};
/* End XCConfigurationList section */
	};
	rootObject = 024FD0BC21F9466B00869173 /* Project object */;
}
